<?xml version="1.0" encoding="utf-8"?>
<Project ToolsVersion="4.0" xmlns="http://schemas.microsoft.com/developer/msbuild/2003">
  <ItemGroup>
    <Filter Include="Quelldateien">
      <UniqueIdentifier>{4FC737F1-C7A5-4376-A066-2A32D752A2FF}</UniqueIdentifier>
      <Extensions>cpp;c;cc;cxx;def;odl;idl;hpj;bat;asm;asmx</Extensions>
    </Filter>
    <Filter Include="Headerdateien">
      <UniqueIdentifier>{93995380-89BD-4b04-88EB-625FBE52EBFB}</UniqueIdentifier>
      <Extensions>h;hh;hpp;hxx;hm;inl;inc;xsd</Extensions>
    </Filter>
    <Filter Include="Ressourcendateien">
      <UniqueIdentifier>{67DA6AB6-F800-4c08-8B7A-83BB121AAD01}</UniqueIdentifier>
      <Extensions>rc;ico;cur;bmp;dlg;rc2;rct;bin;rgs;gif;jpg;jpeg;jpe;resx;tiff;tif;png;wav;mfcribbon-ms</Extensions>
    </Filter>
  </ItemGroup>
  <ItemGroup>
    <ClInclude Include="include\Chip8\Chip8.h">
      <Filter>Headerdateien</Filter>
    </ClInclude>
    <ClInclude Include="include\Game\CustomGame.h">
      <Filter>Headerdateien</Filter>
    </ClInclude>
    <ClInclude Include="include\Game\Gamestates\ActualGame.h">
      <Filter>Headerdateien</Filter>
    </ClInclude>
    <ClInclude Include="include\Game\Gamestates\Gamestate.h">
      <Filter>Headerdateien</Filter>
    </ClInclude>
    <ClInclude Include="include\Game\Gamestates\GamestateType.h">
      <Filter>Headerdateien</Filter>
    </ClInclude>
    <ClInclude Include="include\Game\Gamestates\Menu.h">
      <Filter>Headerdateien</Filter>
    </ClInclude>
    <ClInclude Include="include\Game\GameComponents\World.h">
      <Filter>Headerdateien</Filter>
    </ClInclude>
    <ClInclude Include="include\Game\GameComponents\Entities\Entity.h">
      <Filter>Headerdateien</Filter>
    </ClInclude>
    <ClInclude Include="include\Game\GameComponents\Entities\Player.h">
      <Filter>Headerdateien</Filter>
    </ClInclude>
    <ClInclude Include="include\Game\GameComponents\Entities\StaticObject.h">
      <Filter>Headerdateien</Filter>
    </ClInclude>
    <ClInclude Include="include\Game\Constants.h">
      <Filter>Headerdateien</Filter>
    </ClInclude>
    <ClInclude Include="include\Game\GameComponents\Entities\Spawner.h">
      <Filter>Headerdateien</Filter>
    </ClInclude>
    <ClInclude Include="include\Game\GameComponents\Entities\Enemy.h">
      <Filter>Headerdateien</Filter>
    </ClInclude>
    <ClInclude Include="include\Game\GameComponents\Random.h">
      <Filter>Headerdateien</Filter>
    </ClInclude>
    <ClInclude Include="include\Game\GameComponents\Entities\LightParticle.h">
      <Filter>Headerdateien</Filter>
    </ClInclude>
  </ItemGroup>
  <ItemGroup>
    <ClCompile Include="src\Game\CustomGame.cpp">
      <Filter>Quelldateien</Filter>
    </ClCompile>
    <ClCompile Include="src\main.cpp">
      <Filter>Quelldateien</Filter>
    </ClCompile>
    <ClCompile Include="src\Game\Gamestates\ActualGame.cpp">
      <Filter>Quelldateien</Filter>
    </ClCompile>
    <ClCompile Include="src\Game\Gamestates\Gamestate.cpp">
      <Filter>Quelldateien</Filter>
    </ClCompile>
    <ClCompile Include="src\Game\Gamestates\Menu.cpp">
      <Filter>Quelldateien</Filter>
    </ClCompile>
    <ClCompile Include="src\Game\GameComponents\World.cpp">
      <Filter>Quelldateien</Filter>
    </ClCompile>
    <ClCompile Include="src\Game\GameComponents\Entity.cpp">
      <Filter>Quelldateien</Filter>
    </ClCompile>
    <ClCompile Include="src\Game\GameComponents\Player.cpp">
      <Filter>Quelldateien</Filter>
    </ClCompile>
    <ClCompile Include="src\Game\GameComponents\StaticObject.cpp">
      <Filter>Quelldateien</Filter>
    </ClCompile>
    <ClCompile Include="src\Game\GameComponents\Spawner.cpp">
      <Filter>Quelldateien</Filter>
    </ClCompile>
    <ClCompile Include="src\Game\GameComponents\Enemy.cpp">
      <Filter>Quelldateien</Filter>
    </ClCompile>
    <ClCompile Include="src\Game\Random.cpp">
      <Filter>Quelldateien</Filter>
    </ClCompile>
    <ClCompile Include="src\Game\GameComponents\LightParticle.cpp">
      <Filter>Quelldateien</Filter>
    </ClCompile>
  </ItemGroup>
  <ItemGroup>
    <Image Include="files\Graphics\Entities\Enemy.png">
      <Filter>Ressourcendateien</Filter>
    </Image>
    <Image Include="files\Graphics\Entities\Player.png">
      <Filter>Ressourcendateien</Filter>
    </Image>
    <Image Include="files\Graphics\Tiles\Floor\F0.png">
      <Filter>Ressourcendateien</Filter>
    </Image>
    <Image Include="files\Graphics\Tiles\Wall\W0.png">
      <Filter>Ressourcendateien</Filter>
    </Image>
    <Image Include="files\Graphics\background.png">
      <Filter>Ressourcendateien</Filter>
    </Image>
  </ItemGroup>
  <ItemGroup>
    <Text Include="files\Maps\map0\items.txt" />
    <Text Include="files\Maps\map0\map.txt" />
    <Text Include="files\Maps\map1\items.txt" />
    <Text Include="files\Maps\map1\map.txt" />
    <Text Include="files\Maps\map2\items.txt" />
    <Text Include="files\Maps\map2\map.txt" />
    <Text Include="files\Maps\map3\items.txt" />
    <Text Include="files\Maps\map3\map.txt" />
    <Text Include="files\Maps\map4\items.txt" />
    <Text Include="files\Maps\map4\map.txt" />
    <Text Include="files\Maps\map5\items.txt" />
    <Text Include="files\Maps\map5\map.txt" />
    <Text Include="files\Maps\map6\items.txt" />
    <Text Include="files\Maps\map6\map.txt" />
    <Text Include="files\Maps\map7\items.txt" />
    <Text Include="files\Maps\map7\map.txt" />
    <Text Include="files\Maps\map8\items.txt" />
    <Text Include="files\Maps\map8\map.txt" />
    <Text Include="files\Maps\map9\items.txt" />
    <Text Include="files\Maps\map9\map.txt" />
    <Text Include="files\Maps\map10\items.txt" />
    <Text Include="files\Maps\map10\map.txt" />
    <Text Include="files\Maps\paths.txt" />
  </ItemGroup>
  <ItemGroup>
    <None Include="files\Shader\DeferredLighting.frag" />
    <None Include="files\Shader\DeferredLighting.vert" />
    <None Include="files\Shader\Geometry.frag" />
    <None Include="files\Shader\NormalDisplayer.frag" />
    <None Include="files\Shader\NormalDisplayer.geom" />
    <None Include="files\Shader\NormalDisplayer.vert" />
    <None Include="files\Shader\Polygon.frag" />
    <None Include="files\Shader\Polygon.vert" />
    <None Include="files\Shader\Texture.frag" />
    <None Include="files\Shader\Texture.vert" />
    <None Include="files\Shader\Light.frag" />
    <None Include="files\Shader\MergeLight.frag" />
  </ItemGroup>
</Project>